// !$*UTF8*$!
{
	archiveVersion = 1;
	classes = {
	};
	objectVersion = 52;
	objects = {

/* Begin PBXBuildFile section */
		8C75FBD8259C8AFC00802334 /* ChapterSheet.swift in Sources */ = {isa = PBXBuildFile; fileRef = 8C75FBD7259C8AFC00802334 /* ChapterSheet.swift */; };
		8C75FBDC259C938900802334 /* Toolbars.swift in Sources */ = {isa = PBXBuildFile; fileRef = 8C75FBDB259C938900802334 /* Toolbars.swift */; };
		8C75FBDF259CBF2A00802334 /* ReadingTabsView.swift in Sources */ = {isa = PBXBuildFile; fileRef = 8C75FBDE259CBF2A00802334 /* ReadingTabsView.swift */; };
		8C75FBEE259E168200802334 /* ChapterTextView.swift in Sources */ = {isa = PBXBuildFile; fileRef = 8C75FBED259E168200802334 /* ChapterTextView.swift */; };
		8C75FBF1259E172100802334 /* searchResult_mock.json in Resources */ = {isa = PBXBuildFile; fileRef = 8C75FBF0259E172100802334 /* searchResult_mock.json */; };
		8C75FBF4259E1A7C00802334 /* ChapterTextViewModel.swift in Sources */ = {isa = PBXBuildFile; fileRef = 8C75FBF3259E1A7C00802334 /* ChapterTextViewModel.swift */; };
		8C75FC7925A08E4600802334 /* Font+Extension.swift in Sources */ = {isa = PBXBuildFile; fileRef = 8C75FC7825A08E4600802334 /* Font+Extension.swift */; };
		8C75FC7C25A1B21C00802334 /* Header.swift in Sources */ = {isa = PBXBuildFile; fileRef = 8C75FC7B25A1B21B00802334 /* Header.swift */; };
		8C75FC7F25A1B3BE00802334 /* CircleButton.swift in Sources */ = {isa = PBXBuildFile; fileRef = 8C75FC7E25A1B3BE00802334 /* CircleButton.swift */; };
		8C8BAB54258D044700E4EDD3 /* SzentirasApp.swift in Sources */ = {isa = PBXBuildFile; fileRef = 8C8BAB53258D044700E4EDD3 /* SzentirasApp.swift */; };
		8C8BAB56258D044700E4EDD3 /* ContentView.swift in Sources */ = {isa = PBXBuildFile; fileRef = 8C8BAB55258D044700E4EDD3 /* ContentView.swift */; };
		8C8BAB58258D044800E4EDD3 /* Assets.xcassets in Resources */ = {isa = PBXBuildFile; fileRef = 8C8BAB57258D044800E4EDD3 /* Assets.xcassets */; };
		8C8BAB5B258D044800E4EDD3 /* Preview Assets.xcassets in Resources */ = {isa = PBXBuildFile; fileRef = 8C8BAB5A258D044800E4EDD3 /* Preview Assets.xcassets */; };
		8C8BAB6D258D056B00E4EDD3 /* FiraSans-Bold.ttf in Resources */ = {isa = PBXBuildFile; fileRef = 8C8BAB69258D056B00E4EDD3 /* FiraSans-Bold.ttf */; };
		8C8BAB6E258D056B00E4EDD3 /* FiraSans-Light.ttf in Resources */ = {isa = PBXBuildFile; fileRef = 8C8BAB6A258D056B00E4EDD3 /* FiraSans-Light.ttf */; };
		8C8BAB6F258D056B00E4EDD3 /* FiraSans-Medium.ttf in Resources */ = {isa = PBXBuildFile; fileRef = 8C8BAB6B258D056B00E4EDD3 /* FiraSans-Medium.ttf */; };
		8C8BAB70258D056B00E4EDD3 /* FiraSans-Regular.ttf in Resources */ = {isa = PBXBuildFile; fileRef = 8C8BAB6C258D056B00E4EDD3 /* FiraSans-Regular.ttf */; };
		8C8BAB79258D07B100E4EDD3 /* books_KG.json in Resources */ = {isa = PBXBuildFile; fileRef = 8C8BAB78258D07B100E4EDD3 /* books_KG.json */; };
		8C8BAB7C258D07F200E4EDD3 /* books_SZIT.json in Resources */ = {isa = PBXBuildFile; fileRef = 8C8BAB7B258D07F200E4EDD3 /* books_SZIT.json */; };
		8C8BAB7F258D082E00E4EDD3 /* books_RUF.json in Resources */ = {isa = PBXBuildFile; fileRef = 8C8BAB7E258D082E00E4EDD3 /* books_RUF.json */; };
		8C8BAB82258D084B00E4EDD3 /* books_KNB.json in Resources */ = {isa = PBXBuildFile; fileRef = 8C8BAB81258D084B00E4EDD3 /* books_KNB.json */; };
		8C8BAB86258D08EE00E4EDD3 /* BookModel.swift in Sources */ = {isa = PBXBuildFile; fileRef = 8C8BAB85258D08EE00E4EDD3 /* BookModel.swift */; };
		8C8BAB89258D095E00E4EDD3 /* Bundle+Extension.swift in Sources */ = {isa = PBXBuildFile; fileRef = 8C8BAB88258D095E00E4EDD3 /* Bundle+Extension.swift */; };
		8C8BAB8C258D0BF800E4EDD3 /* BibleController.swift in Sources */ = {isa = PBXBuildFile; fileRef = 8C8BAB8B258D0BF800E4EDD3 /* BibleController.swift */; };
		8C8BAB8F258D10C300E4EDD3 /* translations.json in Resources */ = {isa = PBXBuildFile; fileRef = 8C8BAB8E258D10C300E4EDD3 /* translations.json */; };
		8C8BAB92258D12D400E4EDD3 /* TranslationModel.swift in Sources */ = {isa = PBXBuildFile; fileRef = 8C8BAB91258D12D400E4EDD3 /* TranslationModel.swift */; };
		8C8BAB97258D213200E4EDD3 /* UserDefaults+Extension.swift in Sources */ = {isa = PBXBuildFile; fileRef = 8C8BAB96258D213200E4EDD3 /* UserDefaults+Extension.swift */; };
		8C8BAB9C258DE6BA00E4EDD3 /* BooksView.swift in Sources */ = {isa = PBXBuildFile; fileRef = 8C8BAB9B258DE6BA00E4EDD3 /* BooksView.swift */; };
		8C8BABA3258F719600E4EDD3 /* Color+Extension.swift in Sources */ = {isa = PBXBuildFile; fileRef = 8C8BABA2258F719600E4EDD3 /* Color+Extension.swift */; };
		8CB096F52597854200E27EAF /* NetworkController.swift in Sources */ = {isa = PBXBuildFile; fileRef = 8CB096F42597854200E27EAF /* NetworkController.swift */; };
		8CB096F92597874800E27EAF /* BibleError.swift in Sources */ = {isa = PBXBuildFile; fileRef = 8CB096F82597874800E27EAF /* BibleError.swift */; };
		8CB096FD2598718D00E27EAF /* TimelaneCombine in Frameworks */ = {isa = PBXBuildFile; productRef = 8CB096FC2598718D00E27EAF /* TimelaneCombine */; };
		8CB097002598AA1B00E27EAF /* VersModel.swift in Sources */ = {isa = PBXBuildFile; fileRef = 8CB096FF2598AA1B00E27EAF /* VersModel.swift */; };
/* End PBXBuildFile section */

/* Begin PBXFileReference section */
		8C75FBD7259C8AFC00802334 /* ChapterSheet.swift */ = {isa = PBXFileReference; lastKnownFileType = sourcecode.swift; path = ChapterSheet.swift; sourceTree = "<group>"; };
		8C75FBDB259C938900802334 /* Toolbars.swift */ = {isa = PBXFileReference; lastKnownFileType = sourcecode.swift; path = Toolbars.swift; sourceTree = "<group>"; };
		8C75FBDE259CBF2A00802334 /* ReadingTabsView.swift */ = {isa = PBXFileReference; lastKnownFileType = sourcecode.swift; path = ReadingTabsView.swift; sourceTree = "<group>"; };
		8C75FBED259E168200802334 /* ChapterTextView.swift */ = {isa = PBXFileReference; lastKnownFileType = sourcecode.swift; path = ChapterTextView.swift; sourceTree = "<group>"; };
		8C75FBF0259E172100802334 /* searchResult_mock.json */ = {isa = PBXFileReference; lastKnownFileType = text.json; path = searchResult_mock.json; sourceTree = "<group>"; };
		8C75FBF3259E1A7C00802334 /* ChapterTextViewModel.swift */ = {isa = PBXFileReference; lastKnownFileType = sourcecode.swift; path = ChapterTextViewModel.swift; sourceTree = "<group>"; };
		8C75FC7825A08E4600802334 /* Font+Extension.swift */ = {isa = PBXFileReference; lastKnownFileType = sourcecode.swift; path = "Font+Extension.swift"; sourceTree = "<group>"; };
		8C75FC7B25A1B21B00802334 /* Header.swift */ = {isa = PBXFileReference; lastKnownFileType = sourcecode.swift; path = Header.swift; sourceTree = "<group>"; };
		8C75FC7E25A1B3BE00802334 /* CircleButton.swift */ = {isa = PBXFileReference; lastKnownFileType = sourcecode.swift; path = CircleButton.swift; sourceTree = "<group>"; };
		8C8BAB50258D044700E4EDD3 /* Szentiras.app */ = {isa = PBXFileReference; explicitFileType = wrapper.application; includeInIndex = 0; path = Szentiras.app; sourceTree = BUILT_PRODUCTS_DIR; };
		8C8BAB53258D044700E4EDD3 /* SzentirasApp.swift */ = {isa = PBXFileReference; lastKnownFileType = sourcecode.swift; path = SzentirasApp.swift; sourceTree = "<group>"; };
		8C8BAB55258D044700E4EDD3 /* ContentView.swift */ = {isa = PBXFileReference; lastKnownFileType = sourcecode.swift; path = ContentView.swift; sourceTree = "<group>"; };
		8C8BAB57258D044800E4EDD3 /* Assets.xcassets */ = {isa = PBXFileReference; lastKnownFileType = folder.assetcatalog; path = Assets.xcassets; sourceTree = "<group>"; };
		8C8BAB5A258D044800E4EDD3 /* Preview Assets.xcassets */ = {isa = PBXFileReference; lastKnownFileType = folder.assetcatalog; path = "Preview Assets.xcassets"; sourceTree = "<group>"; };
		8C8BAB5C258D044800E4EDD3 /* Info.plist */ = {isa = PBXFileReference; lastKnownFileType = text.plist.xml; path = Info.plist; sourceTree = "<group>"; };
		8C8BAB69258D056B00E4EDD3 /* FiraSans-Bold.ttf */ = {isa = PBXFileReference; lastKnownFileType = file; path = "FiraSans-Bold.ttf"; sourceTree = "<group>"; };
		8C8BAB6A258D056B00E4EDD3 /* FiraSans-Light.ttf */ = {isa = PBXFileReference; lastKnownFileType = file; path = "FiraSans-Light.ttf"; sourceTree = "<group>"; };
		8C8BAB6B258D056B00E4EDD3 /* FiraSans-Medium.ttf */ = {isa = PBXFileReference; lastKnownFileType = file; path = "FiraSans-Medium.ttf"; sourceTree = "<group>"; };
		8C8BAB6C258D056B00E4EDD3 /* FiraSans-Regular.ttf */ = {isa = PBXFileReference; lastKnownFileType = file; path = "FiraSans-Regular.ttf"; sourceTree = "<group>"; };
		8C8BAB78258D07B100E4EDD3 /* books_KG.json */ = {isa = PBXFileReference; lastKnownFileType = text.json; path = books_KG.json; sourceTree = "<group>"; };
		8C8BAB7B258D07F200E4EDD3 /* books_SZIT.json */ = {isa = PBXFileReference; fileEncoding = 4; lastKnownFileType = text.json; path = books_SZIT.json; sourceTree = "<group>"; };
		8C8BAB7E258D082E00E4EDD3 /* books_RUF.json */ = {isa = PBXFileReference; fileEncoding = 4; lastKnownFileType = text.json; path = books_RUF.json; sourceTree = "<group>"; };
		8C8BAB81258D084B00E4EDD3 /* books_KNB.json */ = {isa = PBXFileReference; fileEncoding = 4; lastKnownFileType = text.json; path = books_KNB.json; sourceTree = "<group>"; };
		8C8BAB85258D08EE00E4EDD3 /* BookModel.swift */ = {isa = PBXFileReference; lastKnownFileType = sourcecode.swift; path = BookModel.swift; sourceTree = "<group>"; };
		8C8BAB88258D095E00E4EDD3 /* Bundle+Extension.swift */ = {isa = PBXFileReference; lastKnownFileType = sourcecode.swift; path = "Bundle+Extension.swift"; sourceTree = "<group>"; };
		8C8BAB8B258D0BF800E4EDD3 /* BibleController.swift */ = {isa = PBXFileReference; lastKnownFileType = sourcecode.swift; path = BibleController.swift; sourceTree = "<group>"; };
		8C8BAB8E258D10C300E4EDD3 /* translations.json */ = {isa = PBXFileReference; lastKnownFileType = text.json; path = translations.json; sourceTree = "<group>"; };
		8C8BAB91258D12D400E4EDD3 /* TranslationModel.swift */ = {isa = PBXFileReference; lastKnownFileType = sourcecode.swift; path = TranslationModel.swift; sourceTree = "<group>"; };
		8C8BAB96258D213200E4EDD3 /* UserDefaults+Extension.swift */ = {isa = PBXFileReference; lastKnownFileType = sourcecode.swift; path = "UserDefaults+Extension.swift"; sourceTree = "<group>"; };
		8C8BAB9B258DE6BA00E4EDD3 /* BooksView.swift */ = {isa = PBXFileReference; lastKnownFileType = sourcecode.swift; path = BooksView.swift; sourceTree = "<group>"; };
		8C8BABA2258F719600E4EDD3 /* Color+Extension.swift */ = {isa = PBXFileReference; fileEncoding = 4; lastKnownFileType = sourcecode.swift; path = "Color+Extension.swift"; sourceTree = "<group>"; };
		8CB096F42597854200E27EAF /* NetworkController.swift */ = {isa = PBXFileReference; lastKnownFileType = sourcecode.swift; path = NetworkController.swift; sourceTree = "<group>"; };
		8CB096F82597874800E27EAF /* BibleError.swift */ = {isa = PBXFileReference; lastKnownFileType = sourcecode.swift; path = BibleError.swift; sourceTree = "<group>"; };
		8CB096FF2598AA1B00E27EAF /* VersModel.swift */ = {isa = PBXFileReference; lastKnownFileType = sourcecode.swift; path = VersModel.swift; sourceTree = "<group>"; };
/* End PBXFileReference section */

/* Begin PBXFrameworksBuildPhase section */
		8C8BAB4D258D044700E4EDD3 /* Frameworks */ = {
			isa = PBXFrameworksBuildPhase;
			buildActionMask = 2147483647;
			files = (
				8CB096FD2598718D00E27EAF /* TimelaneCombine in Frameworks */,
			);
			runOnlyForDeploymentPostprocessing = 0;
		};
/* End PBXFrameworksBuildPhase section */

/* Begin PBXGroup section */
		8C75FBD3259C7F3C00802334 /* Views */ = {
			isa = PBXGroup;
			children = (
				8C75FBD7259C8AFC00802334 /* ChapterSheet.swift */,
				8C75FBDB259C938900802334 /* Toolbars.swift */,
				8C75FBED259E168200802334 /* ChapterTextView.swift */,
				8C75FBF3259E1A7C00802334 /* ChapterTextViewModel.swift */,
				8C75FC7B25A1B21B00802334 /* Header.swift */,
				8C75FC7E25A1B3BE00802334 /* CircleButton.swift */,
			);
			path = Views;
			sourceTree = "<group>";
		};
		8C8BAB47258D044700E4EDD3 = {
			isa = PBXGroup;
			children = (
				8C8BAB52258D044700E4EDD3 /* Szentiras */,
				8C8BAB51258D044700E4EDD3 /* Products */,
			);
			sourceTree = "<group>";
		};
		8C8BAB51258D044700E4EDD3 /* Products */ = {
			isa = PBXGroup;
			children = (
				8C8BAB50258D044700E4EDD3 /* Szentiras.app */,
			);
			name = Products;
			sourceTree = "<group>";
		};
		8C8BAB52258D044700E4EDD3 /* Szentiras */ = {
			isa = PBXGroup;
			children = (
				8CB096F32597852E00E27EAF /* Network */,
				8C8BAB84258D08BA00E4EDD3 /* Extensions */,
				8C8BAB72258D076900E4EDD3 /* Models */,
				8C8BAB67258D056200E4EDD3 /* Fonts */,
				8C8BAB9A258DE69700E4EDD3 /* Screens */,
				8C8BAB53258D044700E4EDD3 /* SzentirasApp.swift */,
				8C8BAB55258D044700E4EDD3 /* ContentView.swift */,
				8C8BAB8B258D0BF800E4EDD3 /* BibleController.swift */,
				8C8BAB57258D044800E4EDD3 /* Assets.xcassets */,
				8C8BAB5C258D044800E4EDD3 /* Info.plist */,
				8C8BAB59258D044800E4EDD3 /* Preview Content */,
			);
			path = Szentiras;
			sourceTree = "<group>";
		};
		8C8BAB59258D044800E4EDD3 /* Preview Content */ = {
			isa = PBXGroup;
			children = (
				8C8BAB5A258D044800E4EDD3 /* Preview Assets.xcassets */,
			);
			path = "Preview Content";
			sourceTree = "<group>";
		};
		8C8BAB67258D056200E4EDD3 /* Fonts */ = {
			isa = PBXGroup;
			children = (
				8C8BAB69258D056B00E4EDD3 /* FiraSans-Bold.ttf */,
				8C8BAB6A258D056B00E4EDD3 /* FiraSans-Light.ttf */,
				8C8BAB6B258D056B00E4EDD3 /* FiraSans-Medium.ttf */,
				8C8BAB6C258D056B00E4EDD3 /* FiraSans-Regular.ttf */,
			);
			path = Fonts;
			sourceTree = "<group>";
		};
		8C8BAB72258D076900E4EDD3 /* Models */ = {
			isa = PBXGroup;
			children = (
				8C8BAB78258D07B100E4EDD3 /* books_KG.json */,
				8C8BAB7B258D07F200E4EDD3 /* books_SZIT.json */,
				8C8BAB7E258D082E00E4EDD3 /* books_RUF.json */,
				8C8BAB81258D084B00E4EDD3 /* books_KNB.json */,
				8C8BAB85258D08EE00E4EDD3 /* BookModel.swift */,
				8C8BAB8E258D10C300E4EDD3 /* translations.json */,
				8C8BAB91258D12D400E4EDD3 /* TranslationModel.swift */,
				8CB096F82597874800E27EAF /* BibleError.swift */,
				8CB096FF2598AA1B00E27EAF /* VersModel.swift */,
				8C75FBF0259E172100802334 /* searchResult_mock.json */,
			);
			path = Models;
			sourceTree = "<group>";
		};
		8C8BAB84258D08BA00E4EDD3 /* Extensions */ = {
			isa = PBXGroup;
			children = (
				8C8BAB88258D095E00E4EDD3 /* Bundle+Extension.swift */,
				8C8BABA2258F719600E4EDD3 /* Color+Extension.swift */,
				8C8BAB96258D213200E4EDD3 /* UserDefaults+Extension.swift */,
				8C75FC7825A08E4600802334 /* Font+Extension.swift */,
			);
			path = Extensions;
			sourceTree = "<group>";
		};
		8C8BAB9A258DE69700E4EDD3 /* Screens */ = {
			isa = PBXGroup;
			children = (
				8C75FBD3259C7F3C00802334 /* Views */,
				8C8BAB9B258DE6BA00E4EDD3 /* BooksView.swift */,
				8C75FBDE259CBF2A00802334 /* ReadingTabsView.swift */,
			);
			path = Screens;
			sourceTree = "<group>";
		};
		8CB096F32597852E00E27EAF /* Network */ = {
			isa = PBXGroup;
			children = (
				8CB096F42597854200E27EAF /* NetworkController.swift */,
			);
			path = Network;
			sourceTree = "<group>";
		};
/* End PBXGroup section */

/* Begin PBXNativeTarget section */
		8C8BAB4F258D044700E4EDD3 /* Szentiras */ = {
			isa = PBXNativeTarget;
			buildConfigurationList = 8C8BAB5F258D044800E4EDD3 /* Build configuration list for PBXNativeTarget "Szentiras" */;
			buildPhases = (
				8C8BABA5258FA47F00E4EDD3 /* SwiftLint */,
				8C8BAB4C258D044700E4EDD3 /* Sources */,
				8C8BAB4D258D044700E4EDD3 /* Frameworks */,
				8C8BAB4E258D044700E4EDD3 /* Resources */,
			);
			buildRules = (
			);
			dependencies = (
			);
			name = Szentiras;
			packageProductDependencies = (
				8CB096FC2598718D00E27EAF /* TimelaneCombine */,
			);
			productName = Szentiras;
			productReference = 8C8BAB50258D044700E4EDD3 /* Szentiras.app */;
			productType = "com.apple.product-type.application";
		};
/* End PBXNativeTarget section */

/* Begin PBXProject section */
		8C8BAB48258D044700E4EDD3 /* Project object */ = {
			isa = PBXProject;
			attributes = {
				LastSwiftUpdateCheck = 1230;
				LastUpgradeCheck = 1230;
				TargetAttributes = {
					8C8BAB4F258D044700E4EDD3 = {
						CreatedOnToolsVersion = 12.3;
					};
				};
			};
			buildConfigurationList = 8C8BAB4B258D044700E4EDD3 /* Build configuration list for PBXProject "Szentiras" */;
			compatibilityVersion = "Xcode 9.3";
			developmentRegion = en;
			hasScannedForEncodings = 0;
			knownRegions = (
				en,
				Base,
			);
			mainGroup = 8C8BAB47258D044700E4EDD3;
			packageReferences = (
				8CB096FB2598718D00E27EAF /* XCRemoteSwiftPackageReference "TimelaneCombine" */,
			);
			productRefGroup = 8C8BAB51258D044700E4EDD3 /* Products */;
			projectDirPath = "";
			projectRoot = "";
			targets = (
				8C8BAB4F258D044700E4EDD3 /* Szentiras */,
			);
		};
/* End PBXProject section */

/* Begin PBXResourcesBuildPhase section */
		8C8BAB4E258D044700E4EDD3 /* Resources */ = {
			isa = PBXResourcesBuildPhase;
			buildActionMask = 2147483647;
			files = (
				8C75FBF1259E172100802334 /* searchResult_mock.json in Resources */,
				8C8BAB8F258D10C300E4EDD3 /* translations.json in Resources */,
				8C8BAB6D258D056B00E4EDD3 /* FiraSans-Bold.ttf in Resources */,
				8C8BAB5B258D044800E4EDD3 /* Preview Assets.xcassets in Resources */,
				8C8BAB82258D084B00E4EDD3 /* books_KNB.json in Resources */,
				8C8BAB70258D056B00E4EDD3 /* FiraSans-Regular.ttf in Resources */,
				8C8BAB6F258D056B00E4EDD3 /* FiraSans-Medium.ttf in Resources */,
				8C8BAB6E258D056B00E4EDD3 /* FiraSans-Light.ttf in Resources */,
				8C8BAB7F258D082E00E4EDD3 /* books_RUF.json in Resources */,
				8C8BAB58258D044800E4EDD3 /* Assets.xcassets in Resources */,
				8C8BAB7C258D07F200E4EDD3 /* books_SZIT.json in Resources */,
				8C8BAB79258D07B100E4EDD3 /* books_KG.json in Resources */,
			);
			runOnlyForDeploymentPostprocessing = 0;
		};
/* End PBXResourcesBuildPhase section */

/* Begin PBXShellScriptBuildPhase section */
		8C8BABA5258FA47F00E4EDD3 /* SwiftLint */ = {
			isa = PBXShellScriptBuildPhase;
			buildActionMask = 2147483647;
			files = (
			);
			inputFileListPaths = (
			);
			inputPaths = (
			);
			name = SwiftLint;
			outputFileListPaths = (
			);
			outputPaths = (
			);
			runOnlyForDeploymentPostprocessing = 0;
			shellPath = /bin/sh;
			shellScript = "if which swiftlint >/dev/null; then\n  swiftlint\nelse\n  echo \"warning: SwiftLint not installed, download from https://github.com/realm/SwiftLint\"\nfi\n";
		};
/* End PBXShellScriptBuildPhase section */

/* Begin PBXSourcesBuildPhase section */
		8C8BAB4C258D044700E4EDD3 /* Sources */ = {
			isa = PBXSourcesBuildPhase;
			buildActionMask = 2147483647;
			files = (
				8C75FC7C25A1B21C00802334 /* Header.swift in Sources */,
				8CB096F52597854200E27EAF /* NetworkController.swift in Sources */,
				8C8BAB86258D08EE00E4EDD3 /* BookModel.swift in Sources */,
				8C8BABA3258F719600E4EDD3 /* Color+Extension.swift in Sources */,
				8C8BAB56258D044700E4EDD3 /* ContentView.swift in Sources */,
				8C8BAB54258D044700E4EDD3 /* SzentirasApp.swift in Sources */,
				8C8BAB9C258DE6BA00E4EDD3 /* BooksView.swift in Sources */,
				8C75FBD8259C8AFC00802334 /* ChapterSheet.swift in Sources */,
				8C8BAB89258D095E00E4EDD3 /* Bundle+Extension.swift in Sources */,
				8CB097002598AA1B00E27EAF /* VersModel.swift in Sources */,
				8C8BAB8C258D0BF800E4EDD3 /* BibleController.swift in Sources */,
				8CB096F92597874800E27EAF /* BibleError.swift in Sources */,
				8C75FBF4259E1A7C00802334 /* ChapterTextViewModel.swift in Sources */,
				8C8BAB92258D12D400E4EDD3 /* TranslationModel.swift in Sources */,
				8C8BAB97258D213200E4EDD3 /* UserDefaults+Extension.swift in Sources */,
				8C75FC7F25A1B3BE00802334 /* CircleButton.swift in Sources */,
				8C75FC7925A08E4600802334 /* Font+Extension.swift in Sources */,
				8C75FBEE259E168200802334 /* ChapterTextView.swift in Sources */,
				8C75FBDC259C938900802334 /* Toolbars.swift in Sources */,
				8C75FBDF259CBF2A00802334 /* ReadingTabsView.swift in Sources */,
			);
			runOnlyForDeploymentPostprocessing = 0;
		};
/* End PBXSourcesBuildPhase section */

/* Begin XCBuildConfiguration section */
		8C8BAB5D258D044800E4EDD3 /* Debug */ = {
			isa = XCBuildConfiguration;
			buildSettings = {
				ALWAYS_SEARCH_USER_PATHS = NO;
				CLANG_ANALYZER_NONNULL = YES;
				CLANG_ANALYZER_NUMBER_OBJECT_CONVERSION = YES_AGGRESSIVE;
				CLANG_CXX_LANGUAGE_STANDARD = "gnu++14";
				CLANG_CXX_LIBRARY = "libc++";
				CLANG_ENABLE_MODULES = YES;
				CLANG_ENABLE_OBJC_ARC = YES;
				CLANG_ENABLE_OBJC_WEAK = YES;
				CLANG_WARN_BLOCK_CAPTURE_AUTORELEASING = YES;
				CLANG_WARN_BOOL_CONVERSION = YES;
				CLANG_WARN_COMMA = YES;
				CLANG_WARN_CONSTANT_CONVERSION = YES;
				CLANG_WARN_DEPRECATED_OBJC_IMPLEMENTATIONS = YES;
				CLANG_WARN_DIRECT_OBJC_ISA_USAGE = YES_ERROR;
				CLANG_WARN_DOCUMENTATION_COMMENTS = YES;
				CLANG_WARN_EMPTY_BODY = YES;
				CLANG_WARN_ENUM_CONVERSION = YES;
				CLANG_WARN_INFINITE_RECURSION = YES;
				CLANG_WARN_INT_CONVERSION = YES;
				CLANG_WARN_NON_LITERAL_NULL_CONVERSION = YES;
				CLANG_WARN_OBJC_IMPLICIT_RETAIN_SELF = YES;
				CLANG_WARN_OBJC_LITERAL_CONVERSION = YES;
				CLANG_WARN_OBJC_ROOT_CLASS = YES_ERROR;
				CLANG_WARN_QUOTED_INCLUDE_IN_FRAMEWORK_HEADER = YES;
				CLANG_WARN_RANGE_LOOP_ANALYSIS = YES;
				CLANG_WARN_STRICT_PROTOTYPES = YES;
				CLANG_WARN_SUSPICIOUS_MOVE = YES;
				CLANG_WARN_UNGUARDED_AVAILABILITY = YES_AGGRESSIVE;
				CLANG_WARN_UNREACHABLE_CODE = YES;
				CLANG_WARN__DUPLICATE_METHOD_MATCH = YES;
				COPY_PHASE_STRIP = NO;
				DEBUG_INFORMATION_FORMAT = dwarf;
				ENABLE_STRICT_OBJC_MSGSEND = YES;
				ENABLE_TESTABILITY = YES;
				GCC_C_LANGUAGE_STANDARD = gnu11;
				GCC_DYNAMIC_NO_PIC = NO;
				GCC_NO_COMMON_BLOCKS = YES;
				GCC_OPTIMIZATION_LEVEL = 0;
				GCC_PREPROCESSOR_DEFINITIONS = (
					"DEBUG=1",
					"$(inherited)",
				);
				GCC_WARN_64_TO_32_BIT_CONVERSION = YES;
				GCC_WARN_ABOUT_RETURN_TYPE = YES_ERROR;
				GCC_WARN_UNDECLARED_SELECTOR = YES;
				GCC_WARN_UNINITIALIZED_AUTOS = YES_AGGRESSIVE;
				GCC_WARN_UNUSED_FUNCTION = YES;
				GCC_WARN_UNUSED_VARIABLE = YES;
				IPHONEOS_DEPLOYMENT_TARGET = 14.3;
				MTL_ENABLE_DEBUG_INFO = INCLUDE_SOURCE;
				MTL_FAST_MATH = YES;
				ONLY_ACTIVE_ARCH = YES;
				SDKROOT = iphoneos;
				SWIFT_ACTIVE_COMPILATION_CONDITIONS = DEBUG;
				SWIFT_OPTIMIZATION_LEVEL = "-Onone";
			};
			name = Debug;
		};
		8C8BAB5E258D044800E4EDD3 /* Release */ = {
			isa = XCBuildConfiguration;
			buildSettings = {
				ALWAYS_SEARCH_USER_PATHS = NO;
				CLANG_ANALYZER_NONNULL = YES;
				CLANG_ANALYZER_NUMBER_OBJECT_CONVERSION = YES_AGGRESSIVE;
				CLANG_CXX_LANGUAGE_STANDARD = "gnu++14";
				CLANG_CXX_LIBRARY = "libc++";
				CLANG_ENABLE_MODULES = YES;
				CLANG_ENABLE_OBJC_ARC = YES;
				CLANG_ENABLE_OBJC_WEAK = YES;
				CLANG_WARN_BLOCK_CAPTURE_AUTORELEASING = YES;
				CLANG_WARN_BOOL_CONVERSION = YES;
				CLANG_WARN_COMMA = YES;
				CLANG_WARN_CONSTANT_CONVERSION = YES;
				CLANG_WARN_DEPRECATED_OBJC_IMPLEMENTATIONS = YES;
				CLANG_WARN_DIRECT_OBJC_ISA_USAGE = YES_ERROR;
				CLANG_WARN_DOCUMENTATION_COMMENTS = YES;
				CLANG_WARN_EMPTY_BODY = YES;
				CLANG_WARN_ENUM_CONVERSION = YES;
				CLANG_WARN_INFINITE_RECURSION = YES;
				CLANG_WARN_INT_CONVERSION = YES;
				CLANG_WARN_NON_LITERAL_NULL_CONVERSION = YES;
				CLANG_WARN_OBJC_IMPLICIT_RETAIN_SELF = YES;
				CLANG_WARN_OBJC_LITERAL_CONVERSION = YES;
				CLANG_WARN_OBJC_ROOT_CLASS = YES_ERROR;
				CLANG_WARN_QUOTED_INCLUDE_IN_FRAMEWORK_HEADER = YES;
				CLANG_WARN_RANGE_LOOP_ANALYSIS = YES;
				CLANG_WARN_STRICT_PROTOTYPES = YES;
				CLANG_WARN_SUSPICIOUS_MOVE = YES;
				CLANG_WARN_UNGUARDED_AVAILABILITY = YES_AGGRESSIVE;
				CLANG_WARN_UNREACHABLE_CODE = YES;
				CLANG_WARN__DUPLICATE_METHOD_MATCH = YES;
				COPY_PHASE_STRIP = NO;
				DEBUG_INFORMATION_FORMAT = "dwarf-with-dsym";
				ENABLE_NS_ASSERTIONS = NO;
				ENABLE_STRICT_OBJC_MSGSEND = YES;
				GCC_C_LANGUAGE_STANDARD = gnu11;
				GCC_NO_COMMON_BLOCKS = YES;
				GCC_WARN_64_TO_32_BIT_CONVERSION = YES;
				GCC_WARN_ABOUT_RETURN_TYPE = YES_ERROR;
				GCC_WARN_UNDECLARED_SELECTOR = YES;
				GCC_WARN_UNINITIALIZED_AUTOS = YES_AGGRESSIVE;
				GCC_WARN_UNUSED_FUNCTION = YES;
				GCC_WARN_UNUSED_VARIABLE = YES;
				IPHONEOS_DEPLOYMENT_TARGET = 14.3;
				MTL_ENABLE_DEBUG_INFO = NO;
				MTL_FAST_MATH = YES;
				SDKROOT = iphoneos;
				SWIFT_COMPILATION_MODE = wholemodule;
				SWIFT_OPTIMIZATION_LEVEL = "-O";
				VALIDATE_PRODUCT = YES;
			};
			name = Release;
		};
		8C8BAB60258D044800E4EDD3 /* Debug */ = {
			isa = XCBuildConfiguration;
			buildSettings = {
				ASSETCATALOG_COMPILER_APPICON_NAME = AppIcon;
				ASSETCATALOG_COMPILER_GLOBAL_ACCENT_COLOR_NAME = AccentColor;
				CODE_SIGN_STYLE = Automatic;
				DEVELOPMENT_ASSET_PATHS = "\"Szentiras/Preview Content\"";
				DEVELOPMENT_TEAM = 8YE8M3UNR3;
				ENABLE_PREVIEWS = YES;
				INFOPLIST_FILE = Szentiras/Info.plist;
				IPHONEOS_DEPLOYMENT_TARGET = 14.0;
				LD_RUNPATH_SEARCH_PATHS = (
					"$(inherited)",
					"@executable_path/Frameworks",
				);
				PRODUCT_BUNDLE_IDENTIFIER = com.sornyei.Szentiras;
				PRODUCT_NAME = "$(TARGET_NAME)";
				SWIFT_VERSION = 5.0;
				TARGETED_DEVICE_FAMILY = "1,2";
			};
			name = Debug;
		};
		8C8BAB61258D044800E4EDD3 /* Release */ = {
			isa = XCBuildConfiguration;
			buildSettings = {
				ASSETCATALOG_COMPILER_APPICON_NAME = AppIcon;
				ASSETCATALOG_COMPILER_GLOBAL_ACCENT_COLOR_NAME = AccentColor;
				CODE_SIGN_STYLE = Automatic;
				DEVELOPMENT_ASSET_PATHS = "\"Szentiras/Preview Content\"";
				DEVELOPMENT_TEAM = 8YE8M3UNR3;
				ENABLE_PREVIEWS = YES;
				INFOPLIST_FILE = Szentiras/Info.plist;
				IPHONEOS_DEPLOYMENT_TARGET = 14.0;
				LD_RUNPATH_SEARCH_PATHS = (
					"$(inherited)",
					"@executable_path/Frameworks",
				);
				PRODUCT_BUNDLE_IDENTIFIER = com.sornyei.Szentiras;
				PRODUCT_NAME = "$(TARGET_NAME)";
				SWIFT_VERSION = 5.0;
				TARGETED_DEVICE_FAMILY = "1,2";
			};
			name = Release;
		};
/* End XCBuildConfiguration section */

/* Begin XCConfigurationList section */
		8C8BAB4B258D044700E4EDD3 /* Build configuration list for PBXProject "Szentiras" */ = {
			isa = XCConfigurationList;
			buildConfigurations = (
				8C8BAB5D258D044800E4EDD3 /* Debug */,
				8C8BAB5E258D044800E4EDD3 /* Release */,
			);
			defaultConfigurationIsVisible = 0;
			defaultConfigurationName = Release;
		};
		8C8BAB5F258D044800E4EDD3 /* Build configuration list for PBXNativeTarget "Szentiras" */ = {
			isa = XCConfigurationList;
			buildConfigurations = (
				8C8BAB60258D044800E4EDD3 /* Debug */,
				8C8BAB61258D044800E4EDD3 /* Release */,
			);
			defaultConfigurationIsVisible = 0;
			defaultConfigurationName = Release;
		};
/* End XCConfigurationList section */

/* Begin XCRemoteSwiftPackageReference section */
		8CB096FB2598718D00E27EAF /* XCRemoteSwiftPackageReference "TimelaneCombine" */ = {
			isa = XCRemoteSwiftPackageReference;
			repositoryURL = "https://github.com/icanzilb/TimelaneCombine";
			requirement = {
				kind = upToNextMajorVersion;
				minimumVersion = 2.0.0;
			};
		};
/* End XCRemoteSwiftPackageReference section */

/* Begin XCSwiftPackageProductDependency section */
		8CB096FC2598718D00E27EAF /* TimelaneCombine */ = {
			isa = XCSwiftPackageProductDependency;
			package = 8CB096FB2598718D00E27EAF /* XCRemoteSwiftPackageReference "TimelaneCombine" */;
			productName = TimelaneCombine;
		};
/* End XCSwiftPackageProductDependency section */
	};
	rootObject = 8C8BAB48258D044700E4EDD3 /* Project object */;
}
